
Microsoft Visual Studio Solution File, Format Version 12.00
# Visual Studio Version 17
VisualStudioVersion = 17.9.34728.123
MinimumVisualStudioVersion = 10.0.40219.1
Project("{FAE04EC0-301F-11D3-BF4B-00C04F79EFBC}") = "SqlServerUDFs", "SqlServerUDFs\SqlServerUDFs.csproj", "{C3C28BD0-9AEF-4AE4-B3BA-15F21DCB70E2}"
EndProject
Global
	GlobalSection(SolutionConfigurationPlatforms) = preSolution
		Debug|Any CPU = Debug|Any CPU
		Release|Any CPU = Release|Any CPU
	EndGlobalSection
	GlobalSection(ProjectConfigurationPlatforms) = postSolution
		{C3C28BD0-9AEF-4AE4-B3BA-15F21DCB70E2}.Debug|Any CPU.ActiveCfg = Debug|Any CPU
		{C3C28BD0-9AEF-4AE4-B3BA-15F21DCB70E2}.Debug|Any CPU.Build.0 = Debug|Any CPU
		{C3C28BD0-9AEF-4AE4-B3BA-15F21DCB70E2}.Release|Any CPU.ActiveCfg = Release|Any CPU
		{C3C28BD0-9AEF-4AE4-B3BA-15F21DCB70E2}.Release|Any CPU.Build.0 = Release|Any CPU
	EndGlobalSection
	GlobalSection(SolutionProperties) = preSolution
		HideSolutionNode = FALSE
	EndGlobalSection
	GlobalSection(ExtensibilityGlobals) = postSolution
		SolutionGuid = {10EECAC0-8310-4E69-B792-F6746E9635F8}
	EndGlobalSection
EndGlobal
